
Microsoft Visual Studio Solution File, Format Version 12.00
# Visual Studio Version 16
VisualStudioVersion = 16.0.30907.101
MinimumVisualStudioVersion = 10.0.40219.1
Project("{9A19103F-16F7-4668-BE54-9A1E7A4F7556}") = "tmsang.domain", "tmsang.domain\tmsang.domain.csproj", "{AE5E3739-D3D1-44AB-BDE2-BF9FAAE99810}"
EndProject
Project("{9A19103F-16F7-4668-BE54-9A1E7A4F7556}") = "tmsang.api", "tmsang.api\tmsang.api.csproj", "{360F1463-8D22-4C38-A96B-1312A4C8A763}"
EndProject
Project("{9A19103F-16F7-4668-BE54-9A1E7A4F7556}") = "tmsang.application", "tmsang.application\tmsang.application.csproj", "{AC00B679-1A5B-43D8-B721-8BBC80AE625F}"
EndProject
Project("{9A19103F-16F7-4668-BE54-9A1E7A4F7556}") = "tmsang.infra", "tmsang.infra\tmsang.infra.csproj", "{B7E6AA47-2FFB-42DF-B1CC-108D5BEE7DD7}"
EndProject
Project("{FAE04EC0-301F-11D3-BF4B-00C04F79EFBC}") = "tmsang.demo", "tmsang.demo\tmsang.demo.csproj", "{926A4DD2-4D96-47D9-84E8-645AFD6C26D3}"
EndProject
Global
	GlobalSection(SolutionConfigurationPlatforms) = preSolution
		Debug|Any CPU = Debug|Any CPU
		Release|Any CPU = Release|Any CPU
	EndGlobalSection
	GlobalSection(ProjectConfigurationPlatforms) = postSolution
		{AE5E3739-D3D1-44AB-BDE2-BF9FAAE99810}.Debug|Any CPU.ActiveCfg = Debug|Any CPU
		{AE5E3739-D3D1-44AB-BDE2-BF9FAAE99810}.Debug|Any CPU.Build.0 = Debug|Any CPU
		{AE5E3739-D3D1-44AB-BDE2-BF9FAAE99810}.Release|Any CPU.ActiveCfg = Release|Any CPU
		{AE5E3739-D3D1-44AB-BDE2-BF9FAAE99810}.Release|Any CPU.Build.0 = Release|Any CPU
		{360F1463-8D22-4C38-A96B-1312A4C8A763}.Debug|Any CPU.ActiveCfg = Debug|Any CPU
		{360F1463-8D22-4C38-A96B-1312A4C8A763}.Debug|Any CPU.Build.0 = Debug|Any CPU
		{360F1463-8D22-4C38-A96B-1312A4C8A763}.Release|Any CPU.ActiveCfg = Release|Any CPU
		{360F1463-8D22-4C38-A96B-1312A4C8A763}.Release|Any CPU.Build.0 = Release|Any CPU
		{AC00B679-1A5B-43D8-B721-8BBC80AE625F}.Debug|Any CPU.ActiveCfg = Debug|Any CPU
		{AC00B679-1A5B-43D8-B721-8BBC80AE625F}.Debug|Any CPU.Build.0 = Debug|Any CPU
		{AC00B679-1A5B-43D8-B721-8BBC80AE625F}.Release|Any CPU.ActiveCfg = Release|Any CPU
		{AC00B679-1A5B-43D8-B721-8BBC80AE625F}.Release|Any CPU.Build.0 = Release|Any CPU
		{B7E6AA47-2FFB-42DF-B1CC-108D5BEE7DD7}.Debug|Any CPU.ActiveCfg = Debug|Any CPU
		{B7E6AA47-2FFB-42DF-B1CC-108D5BEE7DD7}.Debug|Any CPU.Build.0 = Debug|Any CPU
		{B7E6AA47-2FFB-42DF-B1CC-108D5BEE7DD7}.Release|Any CPU.ActiveCfg = Release|Any CPU
		{B7E6AA47-2FFB-42DF-B1CC-108D5BEE7DD7}.Release|Any CPU.Build.0 = Release|Any CPU
		{926A4DD2-4D96-47D9-84E8-645AFD6C26D3}.Debug|Any CPU.ActiveCfg = Debug|Any CPU
		{926A4DD2-4D96-47D9-84E8-645AFD6C26D3}.Debug|Any CPU.Build.0 = Debug|Any CPU
		{926A4DD2-4D96-47D9-84E8-645AFD6C26D3}.Release|Any CPU.ActiveCfg = Release|Any CPU
		{926A4DD2-4D96-47D9-84E8-645AFD6C26D3}.Release|Any CPU.Build.0 = Release|Any CPU
	EndGlobalSection
	GlobalSection(SolutionProperties) = preSolution
		HideSolutionNode = FALSE
	EndGlobalSection
	GlobalSection(ExtensibilityGlobals) = postSolution
		SolutionGuid = {D2558E23-2B63-4BE8-B2C2-507BDCB3BF85}
	EndGlobalSection
EndGlobal
