
Microsoft Visual Studio Solution File, Format Version 12.00
# Visual Studio Version 16
VisualStudioVersion = 16.0.30907.101
MinimumVisualStudioVersion = 10.0.40219.1
Project("{9A19103F-16F7-4668-BE54-9A1E7A4F7556}") = "tmsang.domain", "tmsang.domain\tmsang.domain.csproj", "{AE5E3739-D3D1-44AB-BDE2-BF9FAAE99810}"
EndProject
Project("{9A19103F-16F7-4668-BE54-9A1E7A4F7556}") = "tmsang.api", "tmsang.api\tmsang.api.csproj", "{FF89DEC2-96F1-4DF5-BC38-7DCD999C0F9C}"
EndProject
Project("{9A19103F-16F7-4668-BE54-9A1E7A4F7556}") = "tmsang.application", "tmsang.application\tmsang.application.csproj", "{433F4367-B0C0-49F2-92B2-0C829DE6E2FE}"
EndProject
Project("{9A19103F-16F7-4668-BE54-9A1E7A4F7556}") = "tmsang.infra", "tmsang.infra\tmsang.infra.csproj", "{D9601A2A-5BA5-46F7-9EC5-D2FAE5E76F59}"
EndProject
Global
	GlobalSection(SolutionConfigurationPlatforms) = preSolution
		Debug|Any CPU = Debug|Any CPU
		Release|Any CPU = Release|Any CPU
	EndGlobalSection
	GlobalSection(ProjectConfigurationPlatforms) = postSolution
		{AE5E3739-D3D1-44AB-BDE2-BF9FAAE99810}.Debug|Any CPU.ActiveCfg = Debug|Any CPU
		{AE5E3739-D3D1-44AB-BDE2-BF9FAAE99810}.Debug|Any CPU.Build.0 = Debug|Any CPU
		{AE5E3739-D3D1-44AB-BDE2-BF9FAAE99810}.Release|Any CPU.ActiveCfg = Release|Any CPU
		{AE5E3739-D3D1-44AB-BDE2-BF9FAAE99810}.Release|Any CPU.Build.0 = Release|Any CPU
		{FF89DEC2-96F1-4DF5-BC38-7DCD999C0F9C}.Debug|Any CPU.ActiveCfg = Debug|Any CPU
		{FF89DEC2-96F1-4DF5-BC38-7DCD999C0F9C}.Debug|Any CPU.Build.0 = Debug|Any CPU
		{FF89DEC2-96F1-4DF5-BC38-7DCD999C0F9C}.Release|Any CPU.ActiveCfg = Release|Any CPU
		{FF89DEC2-96F1-4DF5-BC38-7DCD999C0F9C}.Release|Any CPU.Build.0 = Release|Any CPU
		{433F4367-B0C0-49F2-92B2-0C829DE6E2FE}.Debug|Any CPU.ActiveCfg = Debug|Any CPU
		{433F4367-B0C0-49F2-92B2-0C829DE6E2FE}.Debug|Any CPU.Build.0 = Debug|Any CPU
		{433F4367-B0C0-49F2-92B2-0C829DE6E2FE}.Release|Any CPU.ActiveCfg = Release|Any CPU
		{433F4367-B0C0-49F2-92B2-0C829DE6E2FE}.Release|Any CPU.Build.0 = Release|Any CPU
		{D9601A2A-5BA5-46F7-9EC5-D2FAE5E76F59}.Debug|Any CPU.ActiveCfg = Debug|Any CPU
		{D9601A2A-5BA5-46F7-9EC5-D2FAE5E76F59}.Debug|Any CPU.Build.0 = Debug|Any CPU
		{D9601A2A-5BA5-46F7-9EC5-D2FAE5E76F59}.Release|Any CPU.ActiveCfg = Release|Any CPU
		{D9601A2A-5BA5-46F7-9EC5-D2FAE5E76F59}.Release|Any CPU.Build.0 = Release|Any CPU
	EndGlobalSection
	GlobalSection(SolutionProperties) = preSolution
		HideSolutionNode = FALSE
	EndGlobalSection
	GlobalSection(ExtensibilityGlobals) = postSolution
		SolutionGuid = {D2558E23-2B63-4BE8-B2C2-507BDCB3BF85}
	EndGlobalSection
EndGlobal
